{
  "name": "pattern-collector-routesjs-import-extract",
  "version": "1.5.2",
  "lockfileVersion": 3,
  "requires": true,
  "packages": {
    "": {
      "name": "pattern-collector-routesjs-import-extract",
      "version": "1.5.2",
      "dependencies": {
        "pattern-collector-routesjs-import": "^1.4.3"
      }
    },
    "node_modules/pattern-collector": {
      "version": "1.5.6",
      "resolved": "https://registry.npmjs.org/pattern-collector/-/pattern-collector-1.5.6.tgz",
      "integrity": "sha512-eMvFL/pioMFLQ+jP0Uk+24DVsRsy2610hJEDr1SmWNwmUpc+/Ad8kjeelL7En3+N1Rcj4pWH4ePv0BicbZZ59g=="
    },
    "node_modules/pattern-collector-routesjs-import": {
      "version": "1.4.3",
      "resolved": "https://registry.npmjs.org/pattern-collector-routesjs-import/-/pattern-collector-routesjs-import-1.4.3.tgz",
      "integrity": "sha512-VQPCw5fBt221GEY8Yi3fPHXHv/E1B2wSDCBIEvFMAFrcfB9gVhZuho5X/TmL5kW+kI7sOR+iOklIVS4+MzSapQ==",
      "dependencies": {
        "pattern-collector": "^1.5.6"
      }
    }
  }
}
