{
  "name": "pattern-collector-routesjs-import-extract",
  "version": "1.5.1",
  "lockfileVersion": 3,
  "requires": true,
  "packages": {
    "": {
      "name": "pattern-collector-routesjs-import-extract",
      "version": "1.5.1",
      "dependencies": {
        "pattern-collector-routesjs-import": "^1.4.1"
      }
    },
    "node_modules/pattern-collector": {
      "version": "1.4.1",
      "resolved": "https://registry.npmjs.org/pattern-collector/-/pattern-collector-1.4.1.tgz",
      "integrity": "sha512-dgZ9FrlWdHIis+1SLsiIN3SAU3RXIrcP1qfAVd2xiEv8J1KQpdN08Gf1IPf2BRGlSsksYgnBNxxSOppk7MIE1w=="
    },
    "node_modules/pattern-collector-routesjs-import": {
      "version": "1.4.1",
      "resolved": "https://registry.npmjs.org/pattern-collector-routesjs-import/-/pattern-collector-routesjs-import-1.4.1.tgz",
      "integrity": "sha512-WPerFVZn73eD2sXN2dC1FVcnxXH/PiO+VEUZCIzomY0FN8kO/ImdforUsOlwvaH6b3InsuWaFXcdUvyQDaCUOA==",
      "dependencies": {
        "pattern-collector": "^1.4.1"
      }
    }
  }
}
