{
  "name": "pattern-collector-routesjs-import-extract",
  "version": "1.5.3",
  "lockfileVersion": 3,
  "requires": true,
  "packages": {
    "": {
      "name": "pattern-collector-routesjs-import-extract",
      "version": "1.5.3",
      "dependencies": {
        "pattern-collector-routesjs-import": "^1.4.4"
      }
    },
    "node_modules/pattern-collector": {
      "version": "1.5.7",
      "resolved": "https://registry.npmjs.org/pattern-collector/-/pattern-collector-1.5.7.tgz",
      "integrity": "sha512-kBLGKlje0Lv1p5f5TE5RNks8Y3A/FZMdtzEfrx49hraqb3q+qWXvS+mQ5uXadKc9LTmoaupCArS4U9OGR3t7aw=="
    },
    "node_modules/pattern-collector-routesjs-import": {
      "version": "1.4.4",
      "resolved": "https://registry.npmjs.org/pattern-collector-routesjs-import/-/pattern-collector-routesjs-import-1.4.4.tgz",
      "integrity": "sha512-kLQr/avOJ3+k1X3ZMGotq6i2Im7a/+F6sZDZxv/xqhjJ3/BjDXXhGYowJ/fiiKKHA/TVs9N3yG35LkwSk/zKOg==",
      "dependencies": {
        "pattern-collector": "^1.5.7"
      }
    }
  }
}
